// !$*UTF8*$!
{
	archiveVersion = 1;
	classes = {
	};
	objectVersion = 56;
	objects = {

/* Begin PBXBuildFile section */
		8764AD262F35132A00F6BDAC /* NewGameFlowView.swift in Sources */ = {isa = PBXBuildFile; fileRef = 8764AD252F35132A00F6BDAC /* NewGameFlowView.swift */; };
		8764AD282F3521C700F6BDAC /* DetectiveNotesView.swift in Sources */ = {isa = PBXBuildFile; fileRef = 8764AD272F3521C700F6BDAC /* DetectiveNotesView.swift */; };
		8764AD2A2F35245F00F6BDAC /* ProgressBar.swift in Sources */ = {isa = PBXBuildFile; fileRef = 8764AD292F35245F00F6BDAC /* ProgressBar.swift */; };
		8764AD2C2F35247900F6BDAC /* NewGamePlayerCountView.swift in Sources */ = {isa = PBXBuildFile; fileRef = 8764AD2B2F35247900F6BDAC /* NewGamePlayerCountView.swift */; };
		8764AD2E2F35249300F6BDAC /* NewGamePlayerSelectView.swift in Sources */ = {isa = PBXBuildFile; fileRef = 8764AD2D2F35249300F6BDAC /* NewGamePlayerSelectView.swift */; };
		8764AD322F35263300F6BDAC /* Player.swift in Sources */ = {isa = PBXBuildFile; fileRef = 8764AD312F35263300F6BDAC /* Player.swift */; };
		8764AD352F352DE300F6BDAC /* NewGameCardSelectView.swift in Sources */ = {isa = PBXBuildFile; fileRef = 8764AD342F352DE300F6BDAC /* NewGameCardSelectView.swift */; };
		8773D4262F32DDA40081C633 /* CLUEperApp.swift in Sources */ = {isa = PBXBuildFile; fileRef = 8773D4252F32DDA40081C633 /* CLUEperApp.swift */; };
		8773D4282F32DDA40081C633 /* WelcomeView.swift in Sources */ = {isa = PBXBuildFile; fileRef = 8773D4272F32DDA40081C633 /* WelcomeView.swift */; };
		8773D42A2F32DDA60081C633 /* Assets.xcassets in Resources */ = {isa = PBXBuildFile; fileRef = 8773D4292F32DDA60081C633 /* Assets.xcassets */; };
		8773D4372F32DDA60081C633 /* CLUEperTests.swift in Sources */ = {isa = PBXBuildFile; fileRef = 8773D4362F32DDA60081C633 /* CLUEperTests.swift */; };
		8773D4412F32DDA60081C633 /* CLUEperUITests.swift in Sources */ = {isa = PBXBuildFile; fileRef = 8773D4402F32DDA60081C633 /* CLUEperUITests.swift */; };
		8773D4432F32DDA60081C633 /* CLUEperUITestsLaunchTests.swift in Sources */ = {isa = PBXBuildFile; fileRef = 8773D4422F32DDA60081C633 /* CLUEperUITestsLaunchTests.swift */; };
		87DFD5A72F32F7E6009DCFC3 /* HomeView.swift in Sources */ = {isa = PBXBuildFile; fileRef = 87DFD5A62F32F7E6009DCFC3 /* HomeView.swift */; };
		87DFD5A92F32F85A009DCFC3 /* RootView.swift in Sources */ = {isa = PBXBuildFile; fileRef = 87DFD5A82F32F85A009DCFC3 /* RootView.swift */; };
		87DFD5AD2F33CB75009DCFC3 /* MarqueeText.swift in Sources */ = {isa = PBXBuildFile; fileRef = 87DFD5AC2F33CB75009DCFC3 /* MarqueeText.swift */; };
/* End PBXBuildFile section */

/* Begin PBXContainerItemProxy section */
		8773D4332F32DDA60081C633 /* PBXContainerItemProxy */ = {
			isa = PBXContainerItemProxy;
			containerPortal = 8773D41A2F32DDA40081C633 /* Project object */;
			proxyType = 1;
			remoteGlobalIDString = 8773D4212F32DDA40081C633;
			remoteInfo = CLUEper;
		};
		8773D43D2F32DDA60081C633 /* PBXContainerItemProxy */ = {
			isa = PBXContainerItemProxy;
			containerPortal = 8773D41A2F32DDA40081C633 /* Project object */;
			proxyType = 1;
			remoteGlobalIDString = 8773D4212F32DDA40081C633;
			remoteInfo = CLUEper;
		};
/* End PBXContainerItemProxy section */

/* Begin PBXFileReference section */
		8764AD252F35132A00F6BDAC /* NewGameFlowView.swift */ = {isa = PBXFileReference; lastKnownFileType = sourcecode.swift; path = NewGameFlowView.swift; sourceTree = "<group>"; };
		8764AD272F3521C700F6BDAC /* DetectiveNotesView.swift */ = {isa = PBXFileReference; lastKnownFileType = sourcecode.swift; path = DetectiveNotesView.swift; sourceTree = "<group>"; };
		8764AD292F35245F00F6BDAC /* ProgressBar.swift */ = {isa = PBXFileReference; lastKnownFileType = sourcecode.swift; path = ProgressBar.swift; sourceTree = "<group>"; };
		8764AD2B2F35247900F6BDAC /* NewGamePlayerCountView.swift */ = {isa = PBXFileReference; lastKnownFileType = sourcecode.swift; path = NewGamePlayerCountView.swift; sourceTree = "<group>"; };
		8764AD2D2F35249300F6BDAC /* NewGamePlayerSelectView.swift */ = {isa = PBXFileReference; lastKnownFileType = sourcecode.swift; path = NewGamePlayerSelectView.swift; sourceTree = "<group>"; };
		8764AD312F35263300F6BDAC /* Player.swift */ = {isa = PBXFileReference; lastKnownFileType = sourcecode.swift; path = Player.swift; sourceTree = "<group>"; };
		8764AD342F352DE300F6BDAC /* NewGameCardSelectView.swift */ = {isa = PBXFileReference; lastKnownFileType = sourcecode.swift; path = NewGameCardSelectView.swift; sourceTree = "<group>"; };
		8773D4222F32DDA40081C633 /* CLUEper.app */ = {isa = PBXFileReference; explicitFileType = wrapper.application; includeInIndex = 0; path = CLUEper.app; sourceTree = BUILT_PRODUCTS_DIR; };
		8773D4252F32DDA40081C633 /* CLUEperApp.swift */ = {isa = PBXFileReference; lastKnownFileType = sourcecode.swift; path = CLUEperApp.swift; sourceTree = "<group>"; };
		8773D4272F32DDA40081C633 /* WelcomeView.swift */ = {isa = PBXFileReference; lastKnownFileType = sourcecode.swift; path = WelcomeView.swift; sourceTree = "<group>"; };
		8773D4292F32DDA60081C633 /* Assets.xcassets */ = {isa = PBXFileReference; lastKnownFileType = folder.assetcatalog; path = Assets.xcassets; sourceTree = "<group>"; };
		8773D4322F32DDA60081C633 /* CLUEperTests.xctest */ = {isa = PBXFileReference; explicitFileType = wrapper.cfbundle; includeInIndex = 0; path = CLUEperTests.xctest; sourceTree = BUILT_PRODUCTS_DIR; };
		8773D4362F32DDA60081C633 /* CLUEperTests.swift */ = {isa = PBXFileReference; lastKnownFileType = sourcecode.swift; path = CLUEperTests.swift; sourceTree = "<group>"; };
		8773D43C2F32DDA60081C633 /* CLUEperUITests.xctest */ = {isa = PBXFileReference; explicitFileType = wrapper.cfbundle; includeInIndex = 0; path = CLUEperUITests.xctest; sourceTree = BUILT_PRODUCTS_DIR; };
		8773D4402F32DDA60081C633 /* CLUEperUITests.swift */ = {isa = PBXFileReference; lastKnownFileType = sourcecode.swift; path = CLUEperUITests.swift; sourceTree = "<group>"; };
		8773D4422F32DDA60081C633 /* CLUEperUITestsLaunchTests.swift */ = {isa = PBXFileReference; lastKnownFileType = sourcecode.swift; path = CLUEperUITestsLaunchTests.swift; sourceTree = "<group>"; };
		87DFD5A62F32F7E6009DCFC3 /* HomeView.swift */ = {isa = PBXFileReference; lastKnownFileType = sourcecode.swift; path = HomeView.swift; sourceTree = "<group>"; };
		87DFD5A82F32F85A009DCFC3 /* RootView.swift */ = {isa = PBXFileReference; lastKnownFileType = sourcecode.swift; path = RootView.swift; sourceTree = "<group>"; };
		87DFD5AC2F33CB75009DCFC3 /* MarqueeText.swift */ = {isa = PBXFileReference; lastKnownFileType = sourcecode.swift; path = MarqueeText.swift; sourceTree = "<group>"; };
/* End PBXFileReference section */

/* Begin PBXFrameworksBuildPhase section */
		8773D41F2F32DDA40081C633 /* Frameworks */ = {
			isa = PBXFrameworksBuildPhase;
			buildActionMask = 2147483647;
			files = (
			);
			runOnlyForDeploymentPostprocessing = 0;
		};
		8773D42F2F32DDA60081C633 /* Frameworks */ = {
			isa = PBXFrameworksBuildPhase;
			buildActionMask = 2147483647;
			files = (
			);
			runOnlyForDeploymentPostprocessing = 0;
		};
		8773D4392F32DDA60081C633 /* Frameworks */ = {
			isa = PBXFrameworksBuildPhase;
			buildActionMask = 2147483647;
			files = (
			);
			runOnlyForDeploymentPostprocessing = 0;
		};
/* End PBXFrameworksBuildPhase section */

/* Begin PBXGroup section */
		8764AD332F352A2000F6BDAC /* Preview Content */ = {
			isa = PBXGroup;
			children = (
			);
			path = "Preview Content";
			sourceTree = "<group>";
		};
		8773D4192F32DDA40081C633 = {
			isa = PBXGroup;
			children = (
				8773D4242F32DDA40081C633 /* CLUEper */,
				8773D4352F32DDA60081C633 /* CLUEperTests */,
				8773D43F2F32DDA60081C633 /* CLUEperUITests */,
				8773D4232F32DDA40081C633 /* Products */,
			);
			sourceTree = "<group>";
		};
		8773D4232F32DDA40081C633 /* Products */ = {
			isa = PBXGroup;
			children = (
				8773D4222F32DDA40081C633 /* CLUEper.app */,
				8773D4322F32DDA60081C633 /* CLUEperTests.xctest */,
				8773D43C2F32DDA60081C633 /* CLUEperUITests.xctest */,
			);
			name = Products;
			sourceTree = "<group>";
		};
		8773D4242F32DDA40081C633 /* CLUEper */ = {
			isa = PBXGroup;
			children = (
				8773D4252F32DDA40081C633 /* CLUEperApp.swift */,
				87DFD5A82F32F85A009DCFC3 /* RootView.swift */,
				8773D4272F32DDA40081C633 /* WelcomeView.swift */,
				8764AD252F35132A00F6BDAC /* NewGameFlowView.swift */,
				8764AD272F3521C700F6BDAC /* DetectiveNotesView.swift */,
				87DFD5A62F32F7E6009DCFC3 /* HomeView.swift */,
				87DFD5AC2F33CB75009DCFC3 /* MarqueeText.swift */,
				8764AD292F35245F00F6BDAC /* ProgressBar.swift */,
				8764AD2B2F35247900F6BDAC /* NewGamePlayerCountView.swift */,
				8764AD2D2F35249300F6BDAC /* NewGamePlayerSelectView.swift */,
				8764AD342F352DE300F6BDAC /* NewGameCardSelectView.swift */,
				8764AD312F35263300F6BDAC /* Player.swift */,
				8773D4292F32DDA60081C633 /* Assets.xcassets */,
				8764AD332F352A2000F6BDAC /* Preview Content */,
			);
			path = CLUEper;
			sourceTree = "<group>";
		};
		8773D4352F32DDA60081C633 /* CLUEperTests */ = {
			isa = PBXGroup;
			children = (
				8773D4362F32DDA60081C633 /* CLUEperTests.swift */,
			);
			path = CLUEperTests;
			sourceTree = "<group>";
		};
		8773D43F2F32DDA60081C633 /* CLUEperUITests */ = {
			isa = PBXGroup;
			children = (
				8773D4402F32DDA60081C633 /* CLUEperUITests.swift */,
				8773D4422F32DDA60081C633 /* CLUEperUITestsLaunchTests.swift */,
			);
			path = CLUEperUITests;
			sourceTree = "<group>";
		};
/* End PBXGroup section */

/* Begin PBXNativeTarget section */
		8773D4212F32DDA40081C633 /* CLUEper */ = {
			isa = PBXNativeTarget;
			buildConfigurationList = 8773D4462F32DDA60081C633 /* Build configuration list for PBXNativeTarget "CLUEper" */;
			buildPhases = (
				8773D41E2F32DDA40081C633 /* Sources */,
				8773D41F2F32DDA40081C633 /* Frameworks */,
				8773D4202F32DDA40081C633 /* Resources */,
			);
			buildRules = (
			);
			dependencies = (
			);
			name = CLUEper;
			productName = CLUEper;
			productReference = 8773D4222F32DDA40081C633 /* CLUEper.app */;
			productType = "com.apple.product-type.application";
		};
		8773D4312F32DDA60081C633 /* CLUEperTests */ = {
			isa = PBXNativeTarget;
			buildConfigurationList = 8773D4492F32DDA60081C633 /* Build configuration list for PBXNativeTarget "CLUEperTests" */;
			buildPhases = (
				8773D42E2F32DDA60081C633 /* Sources */,
				8773D42F2F32DDA60081C633 /* Frameworks */,
				8773D4302F32DDA60081C633 /* Resources */,
			);
			buildRules = (
			);
			dependencies = (
				8773D4342F32DDA60081C633 /* PBXTargetDependency */,
			);
			name = CLUEperTests;
			productName = CLUEperTests;
			productReference = 8773D4322F32DDA60081C633 /* CLUEperTests.xctest */;
			productType = "com.apple.product-type.bundle.unit-test";
		};
		8773D43B2F32DDA60081C633 /* CLUEperUITests */ = {
			isa = PBXNativeTarget;
			buildConfigurationList = 8773D44C2F32DDA60081C633 /* Build configuration list for PBXNativeTarget "CLUEperUITests" */;
			buildPhases = (
				8773D4382F32DDA60081C633 /* Sources */,
				8773D4392F32DDA60081C633 /* Frameworks */,
				8773D43A2F32DDA60081C633 /* Resources */,
			);
			buildRules = (
			);
			dependencies = (
				8773D43E2F32DDA60081C633 /* PBXTargetDependency */,
			);
			name = CLUEperUITests;
			productName = CLUEperUITests;
			productReference = 8773D43C2F32DDA60081C633 /* CLUEperUITests.xctest */;
			productType = "com.apple.product-type.bundle.ui-testing";
		};
/* End PBXNativeTarget section */

/* Begin PBXProject section */
		8773D41A2F32DDA40081C633 /* Project object */ = {
			isa = PBXProject;
			attributes = {
				BuildIndependentTargetsInParallel = 1;
				LastSwiftUpdateCheck = 1430;
				LastUpgradeCheck = 1430;
				TargetAttributes = {
					8773D4212F32DDA40081C633 = {
						CreatedOnToolsVersion = 14.3;
					};
					8773D4312F32DDA60081C633 = {
						CreatedOnToolsVersion = 14.3;
						TestTargetID = 8773D4212F32DDA40081C633;
					};
					8773D43B2F32DDA60081C633 = {
						CreatedOnToolsVersion = 14.3;
						TestTargetID = 8773D4212F32DDA40081C633;
					};
				};
			};
			buildConfigurationList = 8773D41D2F32DDA40081C633 /* Build configuration list for PBXProject "CLUEper" */;
			compatibilityVersion = "Xcode 14.0";
			developmentRegion = en;
			hasScannedForEncodings = 0;
			knownRegions = (
				en,
				Base,
			);
			mainGroup = 8773D4192F32DDA40081C633;
			productRefGroup = 8773D4232F32DDA40081C633 /* Products */;
			projectDirPath = "";
			projectRoot = "";
			targets = (
				8773D4212F32DDA40081C633 /* CLUEper */,
				8773D4312F32DDA60081C633 /* CLUEperTests */,
				8773D43B2F32DDA60081C633 /* CLUEperUITests */,
			);
		};
/* End PBXProject section */

/* Begin PBXResourcesBuildPhase section */
		8773D4202F32DDA40081C633 /* Resources */ = {
			isa = PBXResourcesBuildPhase;
			buildActionMask = 2147483647;
			files = (
				8773D42A2F32DDA60081C633 /* Assets.xcassets in Resources */,
			);
			runOnlyForDeploymentPostprocessing = 0;
		};
		8773D4302F32DDA60081C633 /* Resources */ = {
			isa = PBXResourcesBuildPhase;
			buildActionMask = 2147483647;
			files = (
			);
			runOnlyForDeploymentPostprocessing = 0;
		};
		8773D43A2F32DDA60081C633 /* Resources */ = {
			isa = PBXResourcesBuildPhase;
			buildActionMask = 2147483647;
			files = (
			);
			runOnlyForDeploymentPostprocessing = 0;
		};
/* End PBXResourcesBuildPhase section */

/* Begin PBXSourcesBuildPhase section */
		8773D41E2F32DDA40081C633 /* Sources */ = {
			isa = PBXSourcesBuildPhase;
			buildActionMask = 2147483647;
			files = (
				8764AD322F35263300F6BDAC /* Player.swift in Sources */,
				8764AD2E2F35249300F6BDAC /* NewGamePlayerSelectView.swift in Sources */,
				87DFD5A92F32F85A009DCFC3 /* RootView.swift in Sources */,
				8764AD282F3521C700F6BDAC /* DetectiveNotesView.swift in Sources */,
				87DFD5A72F32F7E6009DCFC3 /* HomeView.swift in Sources */,
				87DFD5AD2F33CB75009DCFC3 /* MarqueeText.swift in Sources */,
				8773D4282F32DDA40081C633 /* WelcomeView.swift in Sources */,
				8764AD352F352DE300F6BDAC /* NewGameCardSelectView.swift in Sources */,
				8764AD2C2F35247900F6BDAC /* NewGamePlayerCountView.swift in Sources */,
				8773D4262F32DDA40081C633 /* CLUEperApp.swift in Sources */,
				8764AD2A2F35245F00F6BDAC /* ProgressBar.swift in Sources */,
				8764AD262F35132A00F6BDAC /* NewGameFlowView.swift in Sources */,
			);
			runOnlyForDeploymentPostprocessing = 0;
		};
		8773D42E2F32DDA60081C633 /* Sources */ = {
			isa = PBXSourcesBuildPhase;
			buildActionMask = 2147483647;
			files = (
				8773D4372F32DDA60081C633 /* CLUEperTests.swift in Sources */,
			);
			runOnlyForDeploymentPostprocessing = 0;
		};
		8773D4382F32DDA60081C633 /* Sources */ = {
			isa = PBXSourcesBuildPhase;
			buildActionMask = 2147483647;
			files = (
				8773D4412F32DDA60081C633 /* CLUEperUITests.swift in Sources */,
				8773D4432F32DDA60081C633 /* CLUEperUITestsLaunchTests.swift in Sources */,
			);
			runOnlyForDeploymentPostprocessing = 0;
		};
/* End PBXSourcesBuildPhase section */

/* Begin PBXTargetDependency section */
		8773D4342F32DDA60081C633 /* PBXTargetDependency */ = {
			isa = PBXTargetDependency;
			target = 8773D4212F32DDA40081C633 /* CLUEper */;
			targetProxy = 8773D4332F32DDA60081C633 /* PBXContainerItemProxy */;
		};
		8773D43E2F32DDA60081C633 /* PBXTargetDependency */ = {
			isa = PBXTargetDependency;
			target = 8773D4212F32DDA40081C633 /* CLUEper */;
			targetProxy = 8773D43D2F32DDA60081C633 /* PBXContainerItemProxy */;
		};
/* End PBXTargetDependency section */

/* Begin XCBuildConfiguration section */
		8773D4442F32DDA60081C633 /* Debug */ = {
			isa = XCBuildConfiguration;
			buildSettings = {
				ALWAYS_SEARCH_USER_PATHS = NO;
				CLANG_ANALYZER_NONNULL = YES;
				CLANG_ANALYZER_NUMBER_OBJECT_CONVERSION = YES_AGGRESSIVE;
				CLANG_CXX_LANGUAGE_STANDARD = "gnu++20";
				CLANG_ENABLE_MODULES = YES;
				CLANG_ENABLE_OBJC_ARC = YES;
				CLANG_ENABLE_OBJC_WEAK = YES;
				CLANG_WARN_BLOCK_CAPTURE_AUTORELEASING = YES;
				CLANG_WARN_BOOL_CONVERSION = YES;
				CLANG_WARN_COMMA = YES;
				CLANG_WARN_CONSTANT_CONVERSION = YES;
				CLANG_WARN_DEPRECATED_OBJC_IMPLEMENTATIONS = YES;
				CLANG_WARN_DIRECT_OBJC_ISA_USAGE = YES_ERROR;
				CLANG_WARN_DOCUMENTATION_COMMENTS = YES;
				CLANG_WARN_EMPTY_BODY = YES;
				CLANG_WARN_ENUM_CONVERSION = YES;
				CLANG_WARN_INFINITE_RECURSION = YES;
				CLANG_WARN_INT_CONVERSION = YES;
				CLANG_WARN_NON_LITERAL_NULL_CONVERSION = YES;
				CLANG_WARN_OBJC_IMPLICIT_RETAIN_SELF = YES;
				CLANG_WARN_OBJC_LITERAL_CONVERSION = YES;
				CLANG_WARN_OBJC_ROOT_CLASS = YES_ERROR;
				CLANG_WARN_QUOTED_INCLUDE_IN_FRAMEWORK_HEADER = YES;
				CLANG_WARN_RANGE_LOOP_ANALYSIS = YES;
				CLANG_WARN_STRICT_PROTOTYPES = YES;
				CLANG_WARN_SUSPICIOUS_MOVE = YES;
				CLANG_WARN_UNGUARDED_AVAILABILITY = YES_AGGRESSIVE;
				CLANG_WARN_UNREACHABLE_CODE = YES;
				CLANG_WARN__DUPLICATE_METHOD_MATCH = YES;
				COPY_PHASE_STRIP = NO;
				DEBUG_INFORMATION_FORMAT = dwarf;
				ENABLE_STRICT_OBJC_MSGSEND = YES;
				ENABLE_TESTABILITY = YES;
				GCC_C_LANGUAGE_STANDARD = gnu11;
				GCC_DYNAMIC_NO_PIC = NO;
				GCC_NO_COMMON_BLOCKS = YES;
				GCC_OPTIMIZATION_LEVEL = 0;
				GCC_PREPROCESSOR_DEFINITIONS = (
					"DEBUG=1",
					"$(inherited)",
				);
				GCC_WARN_64_TO_32_BIT_CONVERSION = YES;
				GCC_WARN_ABOUT_RETURN_TYPE = YES_ERROR;
				GCC_WARN_UNDECLARED_SELECTOR = YES;
				GCC_WARN_UNINITIALIZED_AUTOS = YES_AGGRESSIVE;
				GCC_WARN_UNUSED_FUNCTION = YES;
				GCC_WARN_UNUSED_VARIABLE = YES;
				IPHONEOS_DEPLOYMENT_TARGET = 16.4;
				MTL_ENABLE_DEBUG_INFO = INCLUDE_SOURCE;
				MTL_FAST_MATH = YES;
				ONLY_ACTIVE_ARCH = YES;
				SDKROOT = iphoneos;
				SWIFT_ACTIVE_COMPILATION_CONDITIONS = DEBUG;
				SWIFT_OPTIMIZATION_LEVEL = "-Onone";
			};
			name = Debug;
		};
		8773D4452F32DDA60081C633 /* Release */ = {
			isa = XCBuildConfiguration;
			buildSettings = {
				ALWAYS_SEARCH_USER_PATHS = NO;
				CLANG_ANALYZER_NONNULL = YES;
				CLANG_ANALYZER_NUMBER_OBJECT_CONVERSION = YES_AGGRESSIVE;
				CLANG_CXX_LANGUAGE_STANDARD = "gnu++20";
				CLANG_ENABLE_MODULES = YES;
				CLANG_ENABLE_OBJC_ARC = YES;
				CLANG_ENABLE_OBJC_WEAK = YES;
				CLANG_WARN_BLOCK_CAPTURE_AUTORELEASING = YES;
				CLANG_WARN_BOOL_CONVERSION = YES;
				CLANG_WARN_COMMA = YES;
				CLANG_WARN_CONSTANT_CONVERSION = YES;
				CLANG_WARN_DEPRECATED_OBJC_IMPLEMENTATIONS = YES;
				CLANG_WARN_DIRECT_OBJC_ISA_USAGE = YES_ERROR;
				CLANG_WARN_DOCUMENTATION_COMMENTS = YES;
				CLANG_WARN_EMPTY_BODY = YES;
				CLANG_WARN_ENUM_CONVERSION = YES;
				CLANG_WARN_INFINITE_RECURSION = YES;
				CLANG_WARN_INT_CONVERSION = YES;
				CLANG_WARN_NON_LITERAL_NULL_CONVERSION = YES;
				CLANG_WARN_OBJC_IMPLICIT_RETAIN_SELF = YES;
				CLANG_WARN_OBJC_LITERAL_CONVERSION = YES;
				CLANG_WARN_OBJC_ROOT_CLASS = YES_ERROR;
				CLANG_WARN_QUOTED_INCLUDE_IN_FRAMEWORK_HEADER = YES;
				CLANG_WARN_RANGE_LOOP_ANALYSIS = YES;
				CLANG_WARN_STRICT_PROTOTYPES = YES;
				CLANG_WARN_SUSPICIOUS_MOVE = YES;
				CLANG_WARN_UNGUARDED_AVAILABILITY = YES_AGGRESSIVE;
				CLANG_WARN_UNREACHABLE_CODE = YES;
				CLANG_WARN__DUPLICATE_METHOD_MATCH = YES;
				COPY_PHASE_STRIP = NO;
				DEBUG_INFORMATION_FORMAT = "dwarf-with-dsym";
				ENABLE_NS_ASSERTIONS = NO;
				ENABLE_STRICT_OBJC_MSGSEND = YES;
				GCC_C_LANGUAGE_STANDARD = gnu11;
				GCC_NO_COMMON_BLOCKS = YES;
				GCC_WARN_64_TO_32_BIT_CONVERSION = YES;
				GCC_WARN_ABOUT_RETURN_TYPE = YES_ERROR;
				GCC_WARN_UNDECLARED_SELECTOR = YES;
				GCC_WARN_UNINITIALIZED_AUTOS = YES_AGGRESSIVE;
				GCC_WARN_UNUSED_FUNCTION = YES;
				GCC_WARN_UNUSED_VARIABLE = YES;
				IPHONEOS_DEPLOYMENT_TARGET = 16.4;
				MTL_ENABLE_DEBUG_INFO = NO;
				MTL_FAST_MATH = YES;
				SDKROOT = iphoneos;
				SWIFT_COMPILATION_MODE = wholemodule;
				SWIFT_OPTIMIZATION_LEVEL = "-O";
				VALIDATE_PRODUCT = YES;
			};
			name = Release;
		};
		8773D4472F32DDA60081C633 /* Debug */ = {
			isa = XCBuildConfiguration;
			buildSettings = {
				ASSETCATALOG_COMPILER_APPICON_NAME = AppIcon;
				ASSETCATALOG_COMPILER_GLOBAL_ACCENT_COLOR_NAME = AccentColor;
				CODE_SIGN_STYLE = Automatic;
				CURRENT_PROJECT_VERSION = 1;
				DEVELOPMENT_ASSET_PATHS = "\"CLUEper/Preview Content\"";
				DEVELOPMENT_TEAM = 48D99J5269;
				ENABLE_PREVIEWS = YES;
				GENERATE_INFOPLIST_FILE = YES;
				INFOPLIST_KEY_UIApplicationSceneManifest_Generation = YES;
				INFOPLIST_KEY_UIApplicationSupportsIndirectInputEvents = YES;
				INFOPLIST_KEY_UILaunchScreen_Generation = YES;
				INFOPLIST_KEY_UISupportedInterfaceOrientations_iPad = "UIInterfaceOrientationPortrait UIInterfaceOrientationPortraitUpsideDown UIInterfaceOrientationLandscapeLeft UIInterfaceOrientationLandscapeRight";
				INFOPLIST_KEY_UISupportedInterfaceOrientations_iPhone = "UIInterfaceOrientationPortrait UIInterfaceOrientationLandscapeLeft UIInterfaceOrientationLandscapeRight";
				LD_RUNPATH_SEARCH_PATHS = (
					"$(inherited)",
					"@executable_path/Frameworks",
				);
				MARKETING_VERSION = 1.0;
				PRODUCT_BUNDLE_IDENTIFIER = com.BoardGameApp.CLUEper;
				PRODUCT_NAME = "$(TARGET_NAME)";
				SWIFT_EMIT_LOC_STRINGS = YES;
				SWIFT_VERSION = 5.0;
				TARGETED_DEVICE_FAMILY = "1,2";
			};
			name = Debug;
		};
		8773D4482F32DDA60081C633 /* Release */ = {
			isa = XCBuildConfiguration;
			buildSettings = {
				ASSETCATALOG_COMPILER_APPICON_NAME = AppIcon;
				ASSETCATALOG_COMPILER_GLOBAL_ACCENT_COLOR_NAME = AccentColor;
				CODE_SIGN_STYLE = Automatic;
				CURRENT_PROJECT_VERSION = 1;
				DEVELOPMENT_ASSET_PATHS = "\"CLUEper/Preview Content\"";
				DEVELOPMENT_TEAM = 48D99J5269;
				ENABLE_PREVIEWS = YES;
				GENERATE_INFOPLIST_FILE = YES;
				INFOPLIST_KEY_UIApplicationSceneManifest_Generation = YES;
				INFOPLIST_KEY_UIApplicationSupportsIndirectInputEvents = YES;
				INFOPLIST_KEY_UILaunchScreen_Generation = YES;
				INFOPLIST_KEY_UISupportedInterfaceOrientations_iPad = "UIInterfaceOrientationPortrait UIInterfaceOrientationPortraitUpsideDown UIInterfaceOrientationLandscapeLeft UIInterfaceOrientationLandscapeRight";
				INFOPLIST_KEY_UISupportedInterfaceOrientations_iPhone = "UIInterfaceOrientationPortrait UIInterfaceOrientationLandscapeLeft UIInterfaceOrientationLandscapeRight";
				LD_RUNPATH_SEARCH_PATHS = (
					"$(inherited)",
					"@executable_path/Frameworks",
				);
				MARKETING_VERSION = 1.0;
				PRODUCT_BUNDLE_IDENTIFIER = com.BoardGameApp.CLUEper;
				PRODUCT_NAME = "$(TARGET_NAME)";
				SWIFT_EMIT_LOC_STRINGS = YES;
				SWIFT_VERSION = 5.0;
				TARGETED_DEVICE_FAMILY = "1,2";
			};
			name = Release;
		};
		8773D44A2F32DDA60081C633 /* Debug */ = {
			isa = XCBuildConfiguration;
			buildSettings = {
				ALWAYS_EMBED_SWIFT_STANDARD_LIBRARIES = YES;
				BUNDLE_LOADER = "$(TEST_HOST)";
				CODE_SIGN_STYLE = Automatic;
				CURRENT_PROJECT_VERSION = 1;
				GENERATE_INFOPLIST_FILE = YES;
				IPHONEOS_DEPLOYMENT_TARGET = 16.4;
				MARKETING_VERSION = 1.0;
				PRODUCT_BUNDLE_IDENTIFIER = com.BoardGameApp.CLUEperTests;
				PRODUCT_NAME = "$(TARGET_NAME)";
				SWIFT_EMIT_LOC_STRINGS = NO;
				SWIFT_VERSION = 5.0;
				TARGETED_DEVICE_FAMILY = "1,2";
				TEST_HOST = "$(BUILT_PRODUCTS_DIR)/CLUEper.app/$(BUNDLE_EXECUTABLE_FOLDER_PATH)/CLUEper";
			};
			name = Debug;
		};
		8773D44B2F32DDA60081C633 /* Release */ = {
			isa = XCBuildConfiguration;
			buildSettings = {
				ALWAYS_EMBED_SWIFT_STANDARD_LIBRARIES = YES;
				BUNDLE_LOADER = "$(TEST_HOST)";
				CODE_SIGN_STYLE = Automatic;
				CURRENT_PROJECT_VERSION = 1;
				GENERATE_INFOPLIST_FILE = YES;
				IPHONEOS_DEPLOYMENT_TARGET = 16.4;
				MARKETING_VERSION = 1.0;
				PRODUCT_BUNDLE_IDENTIFIER = com.BoardGameApp.CLUEperTests;
				PRODUCT_NAME = "$(TARGET_NAME)";
				SWIFT_EMIT_LOC_STRINGS = NO;
				SWIFT_VERSION = 5.0;
				TARGETED_DEVICE_FAMILY = "1,2";
				TEST_HOST = "$(BUILT_PRODUCTS_DIR)/CLUEper.app/$(BUNDLE_EXECUTABLE_FOLDER_PATH)/CLUEper";
			};
			name = Release;
		};
		8773D44D2F32DDA60081C633 /* Debug */ = {
			isa = XCBuildConfiguration;
			buildSettings = {
				ALWAYS_EMBED_SWIFT_STANDARD_LIBRARIES = YES;
				CODE_SIGN_STYLE = Automatic;
				CURRENT_PROJECT_VERSION = 1;
				GENERATE_INFOPLIST_FILE = YES;
				MARKETING_VERSION = 1.0;
				PRODUCT_BUNDLE_IDENTIFIER = com.BoardGameApp.CLUEperUITests;
				PRODUCT_NAME = "$(TARGET_NAME)";
				SWIFT_EMIT_LOC_STRINGS = NO;
				SWIFT_VERSION = 5.0;
				TARGETED_DEVICE_FAMILY = "1,2";
				TEST_TARGET_NAME = CLUEper;
			};
			name = Debug;
		};
		8773D44E2F32DDA60081C633 /* Release */ = {
			isa = XCBuildConfiguration;
			buildSettings = {
				ALWAYS_EMBED_SWIFT_STANDARD_LIBRARIES = YES;
				CODE_SIGN_STYLE = Automatic;
				CURRENT_PROJECT_VERSION = 1;
				GENERATE_INFOPLIST_FILE = YES;
				MARKETING_VERSION = 1.0;
				PRODUCT_BUNDLE_IDENTIFIER = com.BoardGameApp.CLUEperUITests;
				PRODUCT_NAME = "$(TARGET_NAME)";
				SWIFT_EMIT_LOC_STRINGS = NO;
				SWIFT_VERSION = 5.0;
				TARGETED_DEVICE_FAMILY = "1,2";
				TEST_TARGET_NAME = CLUEper;
			};
			name = Release;
		};
/* End XCBuildConfiguration section */

/* Begin XCConfigurationList section */
		8773D41D2F32DDA40081C633 /* Build configuration list for PBXProject "CLUEper" */ = {
			isa = XCConfigurationList;
			buildConfigurations = (
				8773D4442F32DDA60081C633 /* Debug */,
				8773D4452F32DDA60081C633 /* Release */,
			);
			defaultConfigurationIsVisible = 0;
			defaultConfigurationName = Release;
		};
		8773D4462F32DDA60081C633 /* Build configuration list for PBXNativeTarget "CLUEper" */ = {
			isa = XCConfigurationList;
			buildConfigurations = (
				8773D4472F32DDA60081C633 /* Debug */,
				8773D4482F32DDA60081C633 /* Release */,
			);
			defaultConfigurationIsVisible = 0;
			defaultConfigurationName = Release;
		};
		8773D4492F32DDA60081C633 /* Build configuration list for PBXNativeTarget "CLUEperTests" */ = {
			isa = XCConfigurationList;
			buildConfigurations = (
				8773D44A2F32DDA60081C633 /* Debug */,
				8773D44B2F32DDA60081C633 /* Release */,
			);
			defaultConfigurationIsVisible = 0;
			defaultConfigurationName = Release;
		};
		8773D44C2F32DDA60081C633 /* Build configuration list for PBXNativeTarget "CLUEperUITests" */ = {
			isa = XCConfigurationList;
			buildConfigurations = (
				8773D44D2F32DDA60081C633 /* Debug */,
				8773D44E2F32DDA60081C633 /* Release */,
			);
			defaultConfigurationIsVisible = 0;
			defaultConfigurationName = Release;
		};
/* End XCConfigurationList section */
	};
	rootObject = 8773D41A2F32DDA40081C633 /* Project object */;
}
